
Microsoft Visual Studio Solution File, Format Version 12.00
# Visual Studio 14
VisualStudioVersion = 14.0.25123.0
MinimumVisualStudioVersion = 10.0.40219.1
Project("{FAE04EC0-301F-11D3-BF4B-00C04F79EFBC}") = "CSScriptLauncher", "CSScriptLauncher\CSScriptLauncher.csproj", "{8B6738A7-2076-4D91-A448-0B58FFD2BACC}"
EndProject
Global
	GlobalSection(SolutionConfigurationPlatforms) = preSolution
		Debug|Any CPU = Debug|Any CPU
		Release|Any CPU = Release|Any CPU
	EndGlobalSection
	GlobalSection(ProjectConfigurationPlatforms) = postSolution
		{8B6738A7-2076-4D91-A448-0B58FFD2BACC}.Debug|Any CPU.ActiveCfg = Debug|Any CPU
		{8B6738A7-2076-4D91-A448-0B58FFD2BACC}.Debug|Any CPU.Build.0 = Debug|Any CPU
		{8B6738A7-2076-4D91-A448-0B58FFD2BACC}.Release|Any CPU.ActiveCfg = Release|Any CPU
		{8B6738A7-2076-4D91-A448-0B58FFD2BACC}.Release|Any CPU.Build.0 = Release|Any CPU
	EndGlobalSection
	GlobalSection(SolutionProperties) = preSolution
		HideSolutionNode = FALSE
	EndGlobalSection
EndGlobal
