
Microsoft Visual Studio Solution File, Format Version 12.00
# Visual Studio Version 17
VisualStudioVersion = 17.14.36221.1 d17.14
MinimumVisualStudioVersion = 10.0.40219.1
Project("{FAE04EC0-301F-11D3-BF4B-00C04F79EFBC}") = "DotNetScriptLauncher", "DotNetScriptLauncher\DotNetScriptLauncher.csproj", "{C28C8346-E060-4B7A-91C2-65A9F44D208D}"
EndProject
Global
	GlobalSection(SolutionConfigurationPlatforms) = preSolution
		Debug|Any CPU = Debug|Any CPU
		Release|Any CPU = Release|Any CPU
	EndGlobalSection
	GlobalSection(ProjectConfigurationPlatforms) = postSolution
		{C28C8346-E060-4B7A-91C2-65A9F44D208D}.Debug|Any CPU.ActiveCfg = Debug|Any CPU
		{C28C8346-E060-4B7A-91C2-65A9F44D208D}.Debug|Any CPU.Build.0 = Debug|Any CPU
		{C28C8346-E060-4B7A-91C2-65A9F44D208D}.Release|Any CPU.ActiveCfg = Release|Any CPU
		{C28C8346-E060-4B7A-91C2-65A9F44D208D}.Release|Any CPU.Build.0 = Release|Any CPU
	EndGlobalSection
	GlobalSection(SolutionProperties) = preSolution
		HideSolutionNode = FALSE
	EndGlobalSection
	GlobalSection(ExtensibilityGlobals) = postSolution
		SolutionGuid = {A8EEAE63-3443-482A-B849-D4E3A3C4FD2E}
	EndGlobalSection
EndGlobal
